
Microsoft Visual Studio Solution File, Format Version 12.00
# Visual Studio Version 16
VisualStudioVersion = 16.0.30523.141
MinimumVisualStudioVersion = 10.0.40219.1
Project("{FAE04EC0-301F-11D3-BF4B-00C04F79EFBC}") = "SignalRChat", "SignalRChat.csproj", "{CC22CFE8-BAAE-48E3-BF0E-7ACA01BC1ACA}"
EndProject
Global
	GlobalSection(SolutionConfigurationPlatforms) = preSolution
		Debug|Any CPU = Debug|Any CPU
		Release|Any CPU = Release|Any CPU
	EndGlobalSection
	GlobalSection(ProjectConfigurationPlatforms) = postSolution
		{CC22CFE8-BAAE-48E3-BF0E-7ACA01BC1ACA}.Debug|Any CPU.ActiveCfg = Debug|Any CPU
		{CC22CFE8-BAAE-48E3-BF0E-7ACA01BC1ACA}.Debug|Any CPU.Build.0 = Debug|Any CPU
		{CC22CFE8-BAAE-48E3-BF0E-7ACA01BC1ACA}.Release|Any CPU.ActiveCfg = Release|Any CPU
		{CC22CFE8-BAAE-48E3-BF0E-7ACA01BC1ACA}.Release|Any CPU.Build.0 = Release|Any CPU
	EndGlobalSection
	GlobalSection(SolutionProperties) = preSolution
		HideSolutionNode = FALSE
	EndGlobalSection
	GlobalSection(ExtensibilityGlobals) = postSolution
		SolutionGuid = {4679716A-ADAA-428B-B896-5EC7E800657A}
	EndGlobalSection
EndGlobal
